
Microsoft Visual Studio Solution File, Format Version 12.00
# Visual Studio 15
VisualStudioVersion = 15.0.27703.2000
MinimumVisualStudioVersion = 10.0.40219.1
Project("{FAE04EC0-301F-11D3-BF4B-00C04F79EFBC}") = "GlobalX.UnitTests", "GlobalX.UnitTests\GlobalX.UnitTests\GlobalX.UnitTests.csproj", "{9A90E9D8-A5AF-464C-BF35-BA4A6AE3CAC0}"
EndProject
Project("{FAE04EC0-301F-11D3-BF4B-00C04F79EFBC}") = "GlobalX.Library", "GlobalX.Library\GlobalX.Library\GlobalX.Library.csproj", "{D28ACF46-7AA9-4B60-B0FA-93A8A1C4590A}"
EndProject
Project("{FAE04EC0-301F-11D3-BF4B-00C04F79EFBC}") = "GlobalX.Console", "GlobalX.Console\GlobalX.Console\GlobalX.Console.csproj", "{5AD32AE9-E2BC-4E8C-B1B1-1F695D845A52}"
EndProject
Global
	GlobalSection(SolutionConfigurationPlatforms) = preSolution
		Debug|Any CPU = Debug|Any CPU
		Release|Any CPU = Release|Any CPU
	EndGlobalSection
	GlobalSection(ProjectConfigurationPlatforms) = postSolution
		{9A90E9D8-A5AF-464C-BF35-BA4A6AE3CAC0}.Debug|Any CPU.ActiveCfg = Debug|Any CPU
		{9A90E9D8-A5AF-464C-BF35-BA4A6AE3CAC0}.Debug|Any CPU.Build.0 = Debug|Any CPU
		{9A90E9D8-A5AF-464C-BF35-BA4A6AE3CAC0}.Release|Any CPU.ActiveCfg = Release|Any CPU
		{9A90E9D8-A5AF-464C-BF35-BA4A6AE3CAC0}.Release|Any CPU.Build.0 = Release|Any CPU
		{D28ACF46-7AA9-4B60-B0FA-93A8A1C4590A}.Debug|Any CPU.ActiveCfg = Debug|Any CPU
		{D28ACF46-7AA9-4B60-B0FA-93A8A1C4590A}.Debug|Any CPU.Build.0 = Debug|Any CPU
		{D28ACF46-7AA9-4B60-B0FA-93A8A1C4590A}.Release|Any CPU.ActiveCfg = Release|Any CPU
		{D28ACF46-7AA9-4B60-B0FA-93A8A1C4590A}.Release|Any CPU.Build.0 = Release|Any CPU
		{5AD32AE9-E2BC-4E8C-B1B1-1F695D845A52}.Debug|Any CPU.ActiveCfg = Debug|Any CPU
		{5AD32AE9-E2BC-4E8C-B1B1-1F695D845A52}.Debug|Any CPU.Build.0 = Debug|Any CPU
		{5AD32AE9-E2BC-4E8C-B1B1-1F695D845A52}.Release|Any CPU.ActiveCfg = Release|Any CPU
		{5AD32AE9-E2BC-4E8C-B1B1-1F695D845A52}.Release|Any CPU.Build.0 = Release|Any CPU
	EndGlobalSection
	GlobalSection(SolutionProperties) = preSolution
		HideSolutionNode = FALSE
	EndGlobalSection
	GlobalSection(ExtensibilityGlobals) = postSolution
		SolutionGuid = {E38BEDA4-2542-4FCD-9C4A-CABA9D3224F5}
	EndGlobalSection
EndGlobal
